
Microsoft Visual Studio Solution File, Format Version 12.00
# Visual Studio Version 17
VisualStudioVersion = 17.5.33516.290
MinimumVisualStudioVersion = 10.0.40219.1
Project("{9A19103F-16F7-4668-BE54-9A1E7A4F7556}") = "EmployeeManagement.API", "EmployeeManagement.API\EmployeeManagement.API.csproj", "{5CA6CB2F-E799-4267-AD4D-8465A7A2DE7E}"
EndProject
Project("{FAE04EC0-301F-11D3-BF4B-00C04F79EFBC}") = "EmployeeManagement.UnitTest", "EmployeeManagement.UnitTest\EmployeeManagement.UnitTest.csproj", "{CFA74F20-8061-4483-B337-A65902956395}"
EndProject
Global
	GlobalSection(SolutionConfigurationPlatforms) = preSolution
		Debug|Any CPU = Debug|Any CPU
		Release|Any CPU = Release|Any CPU
	EndGlobalSection
	GlobalSection(ProjectConfigurationPlatforms) = postSolution
		{5CA6CB2F-E799-4267-AD4D-8465A7A2DE7E}.Debug|Any CPU.ActiveCfg = Debug|Any CPU
		{5CA6CB2F-E799-4267-AD4D-8465A7A2DE7E}.Debug|Any CPU.Build.0 = Debug|Any CPU
		{5CA6CB2F-E799-4267-AD4D-8465A7A2DE7E}.Release|Any CPU.ActiveCfg = Release|Any CPU
		{5CA6CB2F-E799-4267-AD4D-8465A7A2DE7E}.Release|Any CPU.Build.0 = Release|Any CPU
		{CFA74F20-8061-4483-B337-A65902956395}.Debug|Any CPU.ActiveCfg = Debug|Any CPU
		{CFA74F20-8061-4483-B337-A65902956395}.Debug|Any CPU.Build.0 = Debug|Any CPU
		{CFA74F20-8061-4483-B337-A65902956395}.Release|Any CPU.ActiveCfg = Release|Any CPU
		{CFA74F20-8061-4483-B337-A65902956395}.Release|Any CPU.Build.0 = Release|Any CPU
	EndGlobalSection
	GlobalSection(SolutionProperties) = preSolution
		HideSolutionNode = FALSE
	EndGlobalSection
	GlobalSection(ExtensibilityGlobals) = postSolution
		SolutionGuid = {D972E95B-2FFF-4EDD-B13D-E0AE0D2917CB}
	EndGlobalSection
EndGlobal
